// !$*UTF8*$!
{
	archiveVersion = 1;
	classes = {
	};
	objectVersion = 46;
	objects = {

/* Begin PBXBuildFile section */
		B5E29354508EEFDA699F9684 /* Pods_FilmFest.framework in Frameworks */ = {isa = PBXBuildFile; fileRef = 58EAD48D940A400F720BA9B9 /* Pods_FilmFest.framework */; };
		D254BC5B1E37B1EC00212834 /* AppDelegate.swift in Sources */ = {isa = PBXBuildFile; fileRef = D254BC5A1E37B1EC00212834 /* AppDelegate.swift */; };
		D254BC601E37B1EC00212834 /* Main.storyboard in Resources */ = {isa = PBXBuildFile; fileRef = D254BC5E1E37B1EC00212834 /* Main.storyboard */; };
		D254BC621E37B1EC00212834 /* Assets.xcassets in Resources */ = {isa = PBXBuildFile; fileRef = D254BC611E37B1EC00212834 /* Assets.xcassets */; };
		D254BC651E37B1EC00212834 /* LaunchScreen.storyboard in Resources */ = {isa = PBXBuildFile; fileRef = D254BC631E37B1EC00212834 /* LaunchScreen.storyboard */; };
		D29FF4151E394AB0009529E8 /* MovieLibraryViewControllerTests.swift in Sources */ = {isa = PBXBuildFile; fileRef = D29FF4141E394AB0009529E8 /* MovieLibraryViewControllerTests.swift */; };
		D29FF4191E3955AC009529E8 /* MovieLibraryViewController.swift in Sources */ = {isa = PBXBuildFile; fileRef = D254BC5C1E37B1EC00212834 /* MovieLibraryViewController.swift */; };
		D29FF41C1E395F35009529E8 /* MovieLibraryDataService.swift in Sources */ = {isa = PBXBuildFile; fileRef = D29FF41B1E395F35009529E8 /* MovieLibraryDataService.swift */; };
		D2D6F2B91E37B7D100313064 /* DropShadowView.swift in Sources */ = {isa = PBXBuildFile; fileRef = D2D6F2B81E37B7D100313064 /* DropShadowView.swift */; };
		D2D6F2BB1E37BB9A00313064 /* MovieStructTest.swift in Sources */ = {isa = PBXBuildFile; fileRef = D2D6F2BA1E37BB9A00313064 /* MovieStructTest.swift */; };
		D2D6F2BD1E37BC3600313064 /* Movie.swift in Sources */ = {isa = PBXBuildFile; fileRef = D2D6F2BC1E37BC3600313064 /* Movie.swift */; };
		D2D6F2C31E381B6800313064 /* MovieManagerTests.swift in Sources */ = {isa = PBXBuildFile; fileRef = D2D6F2C21E381B6800313064 /* MovieManagerTests.swift */; };
		D2D6F2C51E381BD900313064 /* MovieManager.swift in Sources */ = {isa = PBXBuildFile; fileRef = D2D6F2C41E381BD900313064 /* MovieManager.swift */; };
		D2D6F2C91E381E1D00313064 /* MovieManager.swift in Sources */ = {isa = PBXBuildFile; fileRef = D2D6F2C41E381BD900313064 /* MovieManager.swift */; };
		D2D6F2CA1E3820A700313064 /* Movie.swift in Sources */ = {isa = PBXBuildFile; fileRef = D2D6F2BC1E37BC3600313064 /* Movie.swift */; };
		E797DC3C3484EE5BD43968A1 /* Pods_FilmFestTests.framework in Frameworks */ = {isa = PBXBuildFile; fileRef = 3ED94B0E91285E5B9DC85D47 /* Pods_FilmFestTests.framework */; };
/* End PBXBuildFile section */

/* Begin PBXContainerItemProxy section */
		D254BC6C1E37B1EC00212834 /* PBXContainerItemProxy */ = {
			isa = PBXContainerItemProxy;
			containerPortal = D254BC4F1E37B1EB00212834 /* Project object */;
			proxyType = 1;
			remoteGlobalIDString = D254BC561E37B1EC00212834;
			remoteInfo = FilmFest;
		};
/* End PBXContainerItemProxy section */

/* Begin PBXFileReference section */
		2D96E5B7EDAD2E0AEE101F06 /* Pods-FilmFest.release.xcconfig */ = {isa = PBXFileReference; includeInIndex = 1; lastKnownFileType = text.xcconfig; name = "Pods-FilmFest.release.xcconfig"; path = "Pods/Target Support Files/Pods-FilmFest/Pods-FilmFest.release.xcconfig"; sourceTree = "<group>"; };
		3ED94B0E91285E5B9DC85D47 /* Pods_FilmFestTests.framework */ = {isa = PBXFileReference; explicitFileType = wrapper.framework; includeInIndex = 0; path = Pods_FilmFestTests.framework; sourceTree = BUILT_PRODUCTS_DIR; };
		58EAD48D940A400F720BA9B9 /* Pods_FilmFest.framework */ = {isa = PBXFileReference; explicitFileType = wrapper.framework; includeInIndex = 0; path = Pods_FilmFest.framework; sourceTree = BUILT_PRODUCTS_DIR; };
		A51005BC810FA384A46CCD35 /* Pods-FilmFest.debug.xcconfig */ = {isa = PBXFileReference; includeInIndex = 1; lastKnownFileType = text.xcconfig; name = "Pods-FilmFest.debug.xcconfig"; path = "Pods/Target Support Files/Pods-FilmFest/Pods-FilmFest.debug.xcconfig"; sourceTree = "<group>"; };
		C615F11E2CFFD24928D06126 /* Pods-FilmFestTests.debug.xcconfig */ = {isa = PBXFileReference; includeInIndex = 1; lastKnownFileType = text.xcconfig; name = "Pods-FilmFestTests.debug.xcconfig"; path = "Pods/Target Support Files/Pods-FilmFestTests/Pods-FilmFestTests.debug.xcconfig"; sourceTree = "<group>"; };
		C6EE1E68439AB9222BCC95CF /* Pods-FilmFestTests.release.xcconfig */ = {isa = PBXFileReference; includeInIndex = 1; lastKnownFileType = text.xcconfig; name = "Pods-FilmFestTests.release.xcconfig"; path = "Pods/Target Support Files/Pods-FilmFestTests/Pods-FilmFestTests.release.xcconfig"; sourceTree = "<group>"; };
		D254BC571E37B1EC00212834 /* FilmFest.app */ = {isa = PBXFileReference; explicitFileType = wrapper.application; includeInIndex = 0; path = FilmFest.app; sourceTree = BUILT_PRODUCTS_DIR; };
		D254BC5A1E37B1EC00212834 /* AppDelegate.swift */ = {isa = PBXFileReference; lastKnownFileType = sourcecode.swift; path = AppDelegate.swift; sourceTree = "<group>"; };
		D254BC5C1E37B1EC00212834 /* MovieLibraryViewController.swift */ = {isa = PBXFileReference; lastKnownFileType = sourcecode.swift; path = MovieLibraryViewController.swift; sourceTree = "<group>"; };
		D254BC5F1E37B1EC00212834 /* Base */ = {isa = PBXFileReference; lastKnownFileType = file.storyboard; name = Base; path = Base.lproj/Main.storyboard; sourceTree = "<group>"; };
		D254BC611E37B1EC00212834 /* Assets.xcassets */ = {isa = PBXFileReference; lastKnownFileType = folder.assetcatalog; path = Assets.xcassets; sourceTree = "<group>"; };
		D254BC641E37B1EC00212834 /* Base */ = {isa = PBXFileReference; lastKnownFileType = file.storyboard; name = Base; path = Base.lproj/LaunchScreen.storyboard; sourceTree = "<group>"; };
		D254BC661E37B1EC00212834 /* Info.plist */ = {isa = PBXFileReference; lastKnownFileType = text.plist.xml; path = Info.plist; sourceTree = "<group>"; };
		D254BC6B1E37B1EC00212834 /* FilmFestTests.xctest */ = {isa = PBXFileReference; explicitFileType = wrapper.cfbundle; includeInIndex = 0; path = FilmFestTests.xctest; sourceTree = BUILT_PRODUCTS_DIR; };
		D254BC711E37B1EC00212834 /* Info.plist */ = {isa = PBXFileReference; lastKnownFileType = text.plist.xml; path = Info.plist; sourceTree = "<group>"; };
		D29FF4141E394AB0009529E8 /* MovieLibraryViewControllerTests.swift */ = {isa = PBXFileReference; fileEncoding = 4; lastKnownFileType = sourcecode.swift; path = MovieLibraryViewControllerTests.swift; sourceTree = "<group>"; };
		D29FF41B1E395F35009529E8 /* MovieLibraryDataService.swift */ = {isa = PBXFileReference; fileEncoding = 4; lastKnownFileType = sourcecode.swift; path = MovieLibraryDataService.swift; sourceTree = "<group>"; };
		D2D6F2B81E37B7D100313064 /* DropShadowView.swift */ = {isa = PBXFileReference; fileEncoding = 4; lastKnownFileType = sourcecode.swift; path = DropShadowView.swift; sourceTree = "<group>"; };
		D2D6F2BA1E37BB9A00313064 /* MovieStructTest.swift */ = {isa = PBXFileReference; fileEncoding = 4; lastKnownFileType = sourcecode.swift; path = MovieStructTest.swift; sourceTree = "<group>"; };
		D2D6F2BC1E37BC3600313064 /* Movie.swift */ = {isa = PBXFileReference; fileEncoding = 4; lastKnownFileType = sourcecode.swift; path = Movie.swift; sourceTree = "<group>"; };
		D2D6F2C21E381B6800313064 /* MovieManagerTests.swift */ = {isa = PBXFileReference; fileEncoding = 4; lastKnownFileType = sourcecode.swift; path = MovieManagerTests.swift; sourceTree = "<group>"; };
		D2D6F2C41E381BD900313064 /* MovieManager.swift */ = {isa = PBXFileReference; fileEncoding = 4; lastKnownFileType = sourcecode.swift; path = MovieManager.swift; sourceTree = "<group>"; };
/* End PBXFileReference section */

/* Begin PBXFrameworksBuildPhase section */
		D254BC541E37B1EC00212834 /* Frameworks */ = {
			isa = PBXFrameworksBuildPhase;
			buildActionMask = 2147483647;
			files = (
				B5E29354508EEFDA699F9684 /* Pods_FilmFest.framework in Frameworks */,
			);
			runOnlyForDeploymentPostprocessing = 0;
		};
		D254BC681E37B1EC00212834 /* Frameworks */ = {
			isa = PBXFrameworksBuildPhase;
			buildActionMask = 2147483647;
			files = (
				E797DC3C3484EE5BD43968A1 /* Pods_FilmFestTests.framework in Frameworks */,
			);
			runOnlyForDeploymentPostprocessing = 0;
		};
/* End PBXFrameworksBuildPhase section */

/* Begin PBXGroup section */
		9E606729D54BC75F8DC16A5C /* Frameworks */ = {
			isa = PBXGroup;
			children = (
				58EAD48D940A400F720BA9B9 /* Pods_FilmFest.framework */,
				3ED94B0E91285E5B9DC85D47 /* Pods_FilmFestTests.framework */,
			);
			name = Frameworks;
			sourceTree = "<group>";
		};
		D254BC4E1E37B1EB00212834 = {
			isa = PBXGroup;
			children = (
				D254BC591E37B1EC00212834 /* FilmFest */,
				D254BC6E1E37B1EC00212834 /* FilmFestTests */,
				D254BC581E37B1EC00212834 /* Products */,
				DE040522F8DD93C126C3CFF7 /* Pods */,
				9E606729D54BC75F8DC16A5C /* Frameworks */,
			);
			sourceTree = "<group>";
		};
		D254BC581E37B1EC00212834 /* Products */ = {
			isa = PBXGroup;
			children = (
				D254BC571E37B1EC00212834 /* FilmFest.app */,
				D254BC6B1E37B1EC00212834 /* FilmFestTests.xctest */,
			);
			name = Products;
			sourceTree = "<group>";
		};
		D254BC591E37B1EC00212834 /* FilmFest */ = {
			isa = PBXGroup;
			children = (
				D2D6F2C01E37BF0800313064 /* Controllers */,
				D2D6F2BE1E37BEEE00313064 /* Model */,
				D254BC5A1E37B1EC00212834 /* AppDelegate.swift */,
				D254BC5E1E37B1EC00212834 /* Main.storyboard */,
				D2D6F2B81E37B7D100313064 /* DropShadowView.swift */,
				D254BC611E37B1EC00212834 /* Assets.xcassets */,
				D254BC631E37B1EC00212834 /* LaunchScreen.storyboard */,
				D254BC661E37B1EC00212834 /* Info.plist */,
			);
			path = FilmFest;
			sourceTree = "<group>";
		};
		D254BC6E1E37B1EC00212834 /* FilmFestTests */ = {
			isa = PBXGroup;
			children = (
				D2D6F2C11E37BF1400313064 /* TestControllers */,
				D2D6F2BF1E37BEF600313064 /* TestModel */,
				D254BC711E37B1EC00212834 /* Info.plist */,
			);
			path = FilmFestTests;
			sourceTree = "<group>";
		};
		D2D6F2BE1E37BEEE00313064 /* Model */ = {
			isa = PBXGroup;
			children = (
				D2D6F2BC1E37BC3600313064 /* Movie.swift */,
				D2D6F2C41E381BD900313064 /* MovieManager.swift */,
			);
			name = Model;
			sourceTree = "<group>";
		};
		D2D6F2BF1E37BEF600313064 /* TestModel */ = {
			isa = PBXGroup;
			children = (
				D2D6F2BA1E37BB9A00313064 /* MovieStructTest.swift */,
				D2D6F2C21E381B6800313064 /* MovieManagerTests.swift */,
			);
			name = TestModel;
			sourceTree = "<group>";
		};
		D2D6F2C01E37BF0800313064 /* Controllers */ = {
			isa = PBXGroup;
			children = (
				D254BC5C1E37B1EC00212834 /* MovieLibraryViewController.swift */,
				D29FF41B1E395F35009529E8 /* MovieLibraryDataService.swift */,
			);
			name = Controllers;
			sourceTree = "<group>";
		};
		D2D6F2C11E37BF1400313064 /* TestControllers */ = {
			isa = PBXGroup;
			children = (
				D29FF4141E394AB0009529E8 /* MovieLibraryViewControllerTests.swift */,
			);
			name = TestControllers;
			sourceTree = "<group>";
		};
		DE040522F8DD93C126C3CFF7 /* Pods */ = {
			isa = PBXGroup;
			children = (
				A51005BC810FA384A46CCD35 /* Pods-FilmFest.debug.xcconfig */,
				2D96E5B7EDAD2E0AEE101F06 /* Pods-FilmFest.release.xcconfig */,
				C615F11E2CFFD24928D06126 /* Pods-FilmFestTests.debug.xcconfig */,
				C6EE1E68439AB9222BCC95CF /* Pods-FilmFestTests.release.xcconfig */,
			);
			name = Pods;
			sourceTree = "<group>";
		};
/* End PBXGroup section */

/* Begin PBXNativeTarget section */
		D254BC561E37B1EC00212834 /* FilmFest */ = {
			isa = PBXNativeTarget;
			buildConfigurationList = D254BC741E37B1EC00212834 /* Build configuration list for PBXNativeTarget "FilmFest" */;
			buildPhases = (
				98B5DF16B98079610590851B /* [CP] Check Pods Manifest.lock */,
				D254BC531E37B1EC00212834 /* Sources */,
				D254BC541E37B1EC00212834 /* Frameworks */,
				D254BC551E37B1EC00212834 /* Resources */,
				4CAE3CB1C11ABD43A54FCC1C /* [CP] Embed Pods Frameworks */,
				DD95E2D59D08C1B202DD8447 /* [CP] Copy Pods Resources */,
			);
			buildRules = (
			);
			dependencies = (
			);
			name = FilmFest;
			productName = FilmFest;
			productReference = D254BC571E37B1EC00212834 /* FilmFest.app */;
			productType = "com.apple.product-type.application";
		};
		D254BC6A1E37B1EC00212834 /* FilmFestTests */ = {
			isa = PBXNativeTarget;
			buildConfigurationList = D254BC771E37B1EC00212834 /* Build configuration list for PBXNativeTarget "FilmFestTests" */;
			buildPhases = (
				ED108DB25ABE6AED37655999 /* [CP] Check Pods Manifest.lock */,
				D254BC671E37B1EC00212834 /* Sources */,
				D254BC681E37B1EC00212834 /* Frameworks */,
				D254BC691E37B1EC00212834 /* Resources */,
				03F22AE035C6FD816A9DB24B /* [CP] Embed Pods Frameworks */,
				4ACC90CCBDF450E202FDE06F /* [CP] Copy Pods Resources */,
			);
			buildRules = (
			);
			dependencies = (
				D254BC6D1E37B1EC00212834 /* PBXTargetDependency */,
			);
			name = FilmFestTests;
			productName = FilmFestTests;
			productReference = D254BC6B1E37B1EC00212834 /* FilmFestTests.xctest */;
			productType = "com.apple.product-type.bundle.unit-test";
		};
/* End PBXNativeTarget section */

/* Begin PBXProject section */
		D254BC4F1E37B1EB00212834 /* Project object */ = {
			isa = PBXProject;
			attributes = {
				LastSwiftUpdateCheck = 0820;
				LastUpgradeCheck = 0820;
				ORGANIZATIONNAME = "Kaizen Human";
				TargetAttributes = {
					D254BC561E37B1EC00212834 = {
						CreatedOnToolsVersion = 8.2.1;
						LastSwiftMigration = 0820;
						ProvisioningStyle = Automatic;
					};
					D254BC6A1E37B1EC00212834 = {
						CreatedOnToolsVersion = 8.2.1;
						LastSwiftMigration = 0820;
						ProvisioningStyle = Automatic;
						TestTargetID = D254BC561E37B1EC00212834;
					};
				};
			};
			buildConfigurationList = D254BC521E37B1EB00212834 /* Build configuration list for PBXProject "FilmFest" */;
			compatibilityVersion = "Xcode 3.2";
			developmentRegion = English;
			hasScannedForEncodings = 0;
			knownRegions = (
				en,
				Base,
			);
			mainGroup = D254BC4E1E37B1EB00212834;
			productRefGroup = D254BC581E37B1EC00212834 /* Products */;
			projectDirPath = "";
			projectRoot = "";
			targets = (
				D254BC561E37B1EC00212834 /* FilmFest */,
				D254BC6A1E37B1EC00212834 /* FilmFestTests */,
			);
		};
/* End PBXProject section */

/* Begin PBXResourcesBuildPhase section */
		D254BC551E37B1EC00212834 /* Resources */ = {
			isa = PBXResourcesBuildPhase;
			buildActionMask = 2147483647;
			files = (
				D254BC651E37B1EC00212834 /* LaunchScreen.storyboard in Resources */,
				D254BC621E37B1EC00212834 /* Assets.xcassets in Resources */,
				D254BC601E37B1EC00212834 /* Main.storyboard in Resources */,
			);
			runOnlyForDeploymentPostprocessing = 0;
		};
		D254BC691E37B1EC00212834 /* Resources */ = {
			isa = PBXResourcesBuildPhase;
			buildActionMask = 2147483647;
			files = (
			);
			runOnlyForDeploymentPostprocessing = 0;
		};
/* End PBXResourcesBuildPhase section */

/* Begin PBXShellScriptBuildPhase section */
		03F22AE035C6FD816A9DB24B /* [CP] Embed Pods Frameworks */ = {
			isa = PBXShellScriptBuildPhase;
			buildActionMask = 2147483647;
			files = (
			);
			inputPaths = (
			);
			name = "[CP] Embed Pods Frameworks";
			outputPaths = (
			);
			runOnlyForDeploymentPostprocessing = 0;
			shellPath = /bin/sh;
			shellScript = "\"${SRCROOT}/Pods/Target Support Files/Pods-FilmFestTests/Pods-FilmFestTests-frameworks.sh\"\n";
			showEnvVarsInLog = 0;
		};
		4ACC90CCBDF450E202FDE06F /* [CP] Copy Pods Resources */ = {
			isa = PBXShellScriptBuildPhase;
			buildActionMask = 2147483647;
			files = (
			);
			inputPaths = (
			);
			name = "[CP] Copy Pods Resources";
			outputPaths = (
			);
			runOnlyForDeploymentPostprocessing = 0;
			shellPath = /bin/sh;
			shellScript = "\"${SRCROOT}/Pods/Target Support Files/Pods-FilmFestTests/Pods-FilmFestTests-resources.sh\"\n";
			showEnvVarsInLog = 0;
		};
		4CAE3CB1C11ABD43A54FCC1C /* [CP] Embed Pods Frameworks */ = {
			isa = PBXShellScriptBuildPhase;
			buildActionMask = 2147483647;
			files = (
			);
			inputPaths = (
			);
			name = "[CP] Embed Pods Frameworks";
			outputPaths = (
			);
			runOnlyForDeploymentPostprocessing = 0;
			shellPath = /bin/sh;
			shellScript = "\"${SRCROOT}/Pods/Target Support Files/Pods-FilmFest/Pods-FilmFest-frameworks.sh\"\n";
			showEnvVarsInLog = 0;
		};
		98B5DF16B98079610590851B /* [CP] Check Pods Manifest.lock */ = {
			isa = PBXShellScriptBuildPhase;
			buildActionMask = 2147483647;
			files = (
			);
			inputPaths = (
			);
			name = "[CP] Check Pods Manifest.lock";
			outputPaths = (
			);
			runOnlyForDeploymentPostprocessing = 0;
			shellPath = /bin/sh;
			shellScript = "diff \"${PODS_ROOT}/../Podfile.lock\" \"${PODS_ROOT}/Manifest.lock\" > /dev/null\nif [ $? != 0 ] ; then\n    # print error to STDERR\n    echo \"error: The sandbox is not in sync with the Podfile.lock. Run 'pod install' or update your CocoaPods installation.\" >&2\n    exit 1\nfi\n";
			showEnvVarsInLog = 0;
		};
		DD95E2D59D08C1B202DD8447 /* [CP] Copy Pods Resources */ = {
			isa = PBXShellScriptBuildPhase;
			buildActionMask = 2147483647;
			files = (
			);
			inputPaths = (
			);
			name = "[CP] Copy Pods Resources";
			outputPaths = (
			);
			runOnlyForDeploymentPostprocessing = 0;
			shellPath = /bin/sh;
			shellScript = "\"${SRCROOT}/Pods/Target Support Files/Pods-FilmFest/Pods-FilmFest-resources.sh\"\n";
			showEnvVarsInLog = 0;
		};
		ED108DB25ABE6AED37655999 /* [CP] Check Pods Manifest.lock */ = {
			isa = PBXShellScriptBuildPhase;
			buildActionMask = 2147483647;
			files = (
			);
			inputPaths = (
			);
			name = "[CP] Check Pods Manifest.lock";
			outputPaths = (
			);
			runOnlyForDeploymentPostprocessing = 0;
			shellPath = /bin/sh;
			shellScript = "diff \"${PODS_ROOT}/../Podfile.lock\" \"${PODS_ROOT}/Manifest.lock\" > /dev/null\nif [ $? != 0 ] ; then\n    # print error to STDERR\n    echo \"error: The sandbox is not in sync with the Podfile.lock. Run 'pod install' or update your CocoaPods installation.\" >&2\n    exit 1\nfi\n";
			showEnvVarsInLog = 0;
		};
/* End PBXShellScriptBuildPhase section */

/* Begin PBXSourcesBuildPhase section */
		D254BC531E37B1EC00212834 /* Sources */ = {
			isa = PBXSourcesBuildPhase;
			buildActionMask = 2147483647;
			files = (
				D29FF4191E3955AC009529E8 /* MovieLibraryViewController.swift in Sources */,
				D2D6F2B91E37B7D100313064 /* DropShadowView.swift in Sources */,
				D29FF41C1E395F35009529E8 /* MovieLibraryDataService.swift in Sources */,
				D2D6F2C51E381BD900313064 /* MovieManager.swift in Sources */,
				D2D6F2BD1E37BC3600313064 /* Movie.swift in Sources */,
				D254BC5B1E37B1EC00212834 /* AppDelegate.swift in Sources */,
			);
			runOnlyForDeploymentPostprocessing = 0;
		};
		D254BC671E37B1EC00212834 /* Sources */ = {
			isa = PBXSourcesBuildPhase;
			buildActionMask = 2147483647;
			files = (
				D2D6F2C91E381E1D00313064 /* MovieManager.swift in Sources */,
				D2D6F2C31E381B6800313064 /* MovieManagerTests.swift in Sources */,
				D2D6F2BB1E37BB9A00313064 /* MovieStructTest.swift in Sources */,
				D2D6F2CA1E3820A700313064 /* Movie.swift in Sources */,
				D29FF4151E394AB0009529E8 /* MovieLibraryViewControllerTests.swift in Sources */,
			);
			runOnlyForDeploymentPostprocessing = 0;
		};
/* End PBXSourcesBuildPhase section */

/* Begin PBXTargetDependency section */
		D254BC6D1E37B1EC00212834 /* PBXTargetDependency */ = {
			isa = PBXTargetDependency;
			target = D254BC561E37B1EC00212834 /* FilmFest */;
			targetProxy = D254BC6C1E37B1EC00212834 /* PBXContainerItemProxy */;
		};
/* End PBXTargetDependency section */

/* Begin PBXVariantGroup section */
		D254BC5E1E37B1EC00212834 /* Main.storyboard */ = {
			isa = PBXVariantGroup;
			children = (
				D254BC5F1E37B1EC00212834 /* Base */,
			);
			name = Main.storyboard;
			sourceTree = "<group>";
		};
		D254BC631E37B1EC00212834 /* LaunchScreen.storyboard */ = {
			isa = PBXVariantGroup;
			children = (
				D254BC641E37B1EC00212834 /* Base */,
			);
			name = LaunchScreen.storyboard;
			sourceTree = "<group>";
		};
/* End PBXVariantGroup section */

/* Begin XCBuildConfiguration section */
		D254BC721E37B1EC00212834 /* Debug */ = {
			isa = XCBuildConfiguration;
			buildSettings = {
				ALWAYS_SEARCH_USER_PATHS = NO;
				CLANG_ANALYZER_NONNULL = YES;
				CLANG_CXX_LANGUAGE_STANDARD = "gnu++0x";
				CLANG_CXX_LIBRARY = "libc++";
				CLANG_ENABLE_MODULES = YES;
				CLANG_ENABLE_OBJC_ARC = YES;
				CLANG_WARN_BOOL_CONVERSION = YES;
				CLANG_WARN_CONSTANT_CONVERSION = YES;
				CLANG_WARN_DIRECT_OBJC_ISA_USAGE = YES_ERROR;
				CLANG_WARN_DOCUMENTATION_COMMENTS = YES;
				CLANG_WARN_EMPTY_BODY = YES;
				CLANG_WARN_ENUM_CONVERSION = YES;
				CLANG_WARN_INFINITE_RECURSION = YES;
				CLANG_WARN_INT_CONVERSION = YES;
				CLANG_WARN_OBJC_ROOT_CLASS = YES_ERROR;
				CLANG_WARN_SUSPICIOUS_MOVE = YES;
				CLANG_WARN_UNREACHABLE_CODE = YES;
				CLANG_WARN__DUPLICATE_METHOD_MATCH = YES;
				"CODE_SIGN_IDENTITY[sdk=iphoneos*]" = "iPhone Developer";
				COPY_PHASE_STRIP = NO;
				DEBUG_INFORMATION_FORMAT = dwarf;
				ENABLE_STRICT_OBJC_MSGSEND = YES;
				ENABLE_TESTABILITY = YES;
				GCC_C_LANGUAGE_STANDARD = gnu99;
				GCC_DYNAMIC_NO_PIC = NO;
				GCC_NO_COMMON_BLOCKS = YES;
				GCC_OPTIMIZATION_LEVEL = 0;
				GCC_PREPROCESSOR_DEFINITIONS = (
					"DEBUG=1",
					"$(inherited)",
				);
				GCC_WARN_64_TO_32_BIT_CONVERSION = YES;
				GCC_WARN_ABOUT_RETURN_TYPE = YES_ERROR;
				GCC_WARN_UNDECLARED_SELECTOR = YES;
				GCC_WARN_UNINITIALIZED_AUTOS = YES_AGGRESSIVE;
				GCC_WARN_UNUSED_FUNCTION = YES;
				GCC_WARN_UNUSED_VARIABLE = YES;
				IPHONEOS_DEPLOYMENT_TARGET = 10.2;
				MTL_ENABLE_DEBUG_INFO = YES;
				ONLY_ACTIVE_ARCH = YES;
				SDKROOT = iphoneos;
				SWIFT_ACTIVE_COMPILATION_CONDITIONS = DEBUG;
				SWIFT_OPTIMIZATION_LEVEL = "-Onone";
			};
			name = Debug;
		};
		D254BC731E37B1EC00212834 /* Release */ = {
			isa = XCBuildConfiguration;
			buildSettings = {
				ALWAYS_SEARCH_USER_PATHS = NO;
				CLANG_ANALYZER_NONNULL = YES;
				CLANG_CXX_LANGUAGE_STANDARD = "gnu++0x";
				CLANG_CXX_LIBRARY = "libc++";
				CLANG_ENABLE_MODULES = YES;
				CLANG_ENABLE_OBJC_ARC = YES;
				CLANG_WARN_BOOL_CONVERSION = YES;
				CLANG_WARN_CONSTANT_CONVERSION = YES;
				CLANG_WARN_DIRECT_OBJC_ISA_USAGE = YES_ERROR;
				CLANG_WARN_DOCUMENTATION_COMMENTS = YES;
				CLANG_WARN_EMPTY_BODY = YES;
				CLANG_WARN_ENUM_CONVERSION = YES;
				CLANG_WARN_INFINITE_RECURSION = YES;
				CLANG_WARN_INT_CONVERSION = YES;
				CLANG_WARN_OBJC_ROOT_CLASS = YES_ERROR;
				CLANG_WARN_SUSPICIOUS_MOVE = YES;
				CLANG_WARN_UNREACHABLE_CODE = YES;
				CLANG_WARN__DUPLICATE_METHOD_MATCH = YES;
				"CODE_SIGN_IDENTITY[sdk=iphoneos*]" = "iPhone Developer";
				COPY_PHASE_STRIP = NO;
				DEBUG_INFORMATION_FORMAT = "dwarf-with-dsym";
				ENABLE_NS_ASSERTIONS = NO;
				ENABLE_STRICT_OBJC_MSGSEND = YES;
				GCC_C_LANGUAGE_STANDARD = gnu99;
				GCC_NO_COMMON_BLOCKS = YES;
				GCC_WARN_64_TO_32_BIT_CONVERSION = YES;
				GCC_WARN_ABOUT_RETURN_TYPE = YES_ERROR;
				GCC_WARN_UNDECLARED_SELECTOR = YES;
				GCC_WARN_UNINITIALIZED_AUTOS = YES_AGGRESSIVE;
				GCC_WARN_UNUSED_FUNCTION = YES;
				GCC_WARN_UNUSED_VARIABLE = YES;
				IPHONEOS_DEPLOYMENT_TARGET = 10.2;
				MTL_ENABLE_DEBUG_INFO = NO;
				SDKROOT = iphoneos;
				SWIFT_OPTIMIZATION_LEVEL = "-Owholemodule";
				VALIDATE_PRODUCT = YES;
			};
			name = Release;
		};
		D254BC751E37B1EC00212834 /* Debug */ = {
			isa = XCBuildConfiguration;
			baseConfigurationReference = A51005BC810FA384A46CCD35 /* Pods-FilmFest.debug.xcconfig */;
			buildSettings = {
				ALWAYS_EMBED_SWIFT_STANDARD_LIBRARIES = YES;
				ASSETCATALOG_COMPILER_APPICON_NAME = AppIcon;
				INFOPLIST_FILE = FilmFest/Info.plist;
				LD_RUNPATH_SEARCH_PATHS = "$(inherited) @executable_path/Frameworks";
				PRODUCT_BUNDLE_IDENTIFIER = KH.FilmFest;
				PRODUCT_NAME = "$(TARGET_NAME)";
				SWIFT_VERSION = 3.0;
			};
			name = Debug;
		};
		D254BC761E37B1EC00212834 /* Release */ = {
			isa = XCBuildConfiguration;
			baseConfigurationReference = 2D96E5B7EDAD2E0AEE101F06 /* Pods-FilmFest.release.xcconfig */;
			buildSettings = {
				ALWAYS_EMBED_SWIFT_STANDARD_LIBRARIES = YES;
				ASSETCATALOG_COMPILER_APPICON_NAME = AppIcon;
				INFOPLIST_FILE = FilmFest/Info.plist;
				LD_RUNPATH_SEARCH_PATHS = "$(inherited) @executable_path/Frameworks";
				PRODUCT_BUNDLE_IDENTIFIER = KH.FilmFest;
				PRODUCT_NAME = "$(TARGET_NAME)";
				SWIFT_VERSION = 3.0;
			};
			name = Release;
		};
		D254BC781E37B1EC00212834 /* Debug */ = {
			isa = XCBuildConfiguration;
			baseConfigurationReference = C615F11E2CFFD24928D06126 /* Pods-FilmFestTests.debug.xcconfig */;
			buildSettings = {
				ALWAYS_EMBED_SWIFT_STANDARD_LIBRARIES = YES;
				BUNDLE_LOADER = "$(TEST_HOST)";
				INFOPLIST_FILE = FilmFestTests/Info.plist;
				LD_RUNPATH_SEARCH_PATHS = "$(inherited) @executable_path/Frameworks @loader_path/Frameworks";
				PRODUCT_BUNDLE_IDENTIFIER = KH.FilmFestTests;
				PRODUCT_NAME = "$(TARGET_NAME)";
				SWIFT_VERSION = 3.0;
				TEST_HOST = "$(BUILT_PRODUCTS_DIR)/FilmFest.app/FilmFest";
			};
			name = Debug;
		};
		D254BC791E37B1EC00212834 /* Release */ = {
			isa = XCBuildConfiguration;
			baseConfigurationReference = C6EE1E68439AB9222BCC95CF /* Pods-FilmFestTests.release.xcconfig */;
			buildSettings = {
				ALWAYS_EMBED_SWIFT_STANDARD_LIBRARIES = YES;
				BUNDLE_LOADER = "$(TEST_HOST)";
				INFOPLIST_FILE = FilmFestTests/Info.plist;
				LD_RUNPATH_SEARCH_PATHS = "$(inherited) @executable_path/Frameworks @loader_path/Frameworks";
				PRODUCT_BUNDLE_IDENTIFIER = KH.FilmFestTests;
				PRODUCT_NAME = "$(TARGET_NAME)";
				SWIFT_VERSION = 3.0;
				TEST_HOST = "$(BUILT_PRODUCTS_DIR)/FilmFest.app/FilmFest";
			};
			name = Release;
		};
/* End XCBuildConfiguration section */

/* Begin XCConfigurationList section */
		D254BC521E37B1EB00212834 /* Build configuration list for PBXProject "FilmFest" */ = {
			isa = XCConfigurationList;
			buildConfigurations = (
				D254BC721E37B1EC00212834 /* Debug */,
				D254BC731E37B1EC00212834 /* Release */,
			);
			defaultConfigurationIsVisible = 0;
			defaultConfigurationName = Release;
		};
		D254BC741E37B1EC00212834 /* Build configuration list for PBXNativeTarget "FilmFest" */ = {
			isa = XCConfigurationList;
			buildConfigurations = (
				D254BC751E37B1EC00212834 /* Debug */,
				D254BC761E37B1EC00212834 /* Release */,
			);
			defaultConfigurationIsVisible = 0;
			defaultConfigurationName = Release;
		};
		D254BC771E37B1EC00212834 /* Build configuration list for PBXNativeTarget "FilmFestTests" */ = {
			isa = XCConfigurationList;
			buildConfigurations = (
				D254BC781E37B1EC00212834 /* Debug */,
				D254BC791E37B1EC00212834 /* Release */,
			);
			defaultConfigurationIsVisible = 0;
			defaultConfigurationName = Release;
		};
/* End XCConfigurationList section */
	};
	rootObject = D254BC4F1E37B1EB00212834 /* Project object */;
}
