// !$*UTF8*$!
{
	archiveVersion = 1;
	classes = {
	};
	objectVersion = 46;
	objects = {

/* Begin PBXBuildFile section */
		D254BC5B1E37B1EC00212834 /* AppDelegate.swift in Sources */ = {isa = PBXBuildFile; fileRef = D254BC5A1E37B1EC00212834 /* AppDelegate.swift */; };
		D254BC5D1E37B1EC00212834 /* ViewController.swift in Sources */ = {isa = PBXBuildFile; fileRef = D254BC5C1E37B1EC00212834 /* ViewController.swift */; };
		D254BC601E37B1EC00212834 /* Main.storyboard in Resources */ = {isa = PBXBuildFile; fileRef = D254BC5E1E37B1EC00212834 /* Main.storyboard */; };
		D254BC621E37B1EC00212834 /* Assets.xcassets in Resources */ = {isa = PBXBuildFile; fileRef = D254BC611E37B1EC00212834 /* Assets.xcassets */; };
		D254BC651E37B1EC00212834 /* LaunchScreen.storyboard in Resources */ = {isa = PBXBuildFile; fileRef = D254BC631E37B1EC00212834 /* LaunchScreen.storyboard */; };
		D254BC701E37B1EC00212834 /* FilmFestTests.swift in Sources */ = {isa = PBXBuildFile; fileRef = D254BC6F1E37B1EC00212834 /* FilmFestTests.swift */; };
/* End PBXBuildFile section */

/* Begin PBXContainerItemProxy section */
		D254BC6C1E37B1EC00212834 /* PBXContainerItemProxy */ = {
			isa = PBXContainerItemProxy;
			containerPortal = D254BC4F1E37B1EB00212834 /* Project object */;
			proxyType = 1;
			remoteGlobalIDString = D254BC561E37B1EC00212834;
			remoteInfo = FilmFest;
		};
/* End PBXContainerItemProxy section */

/* Begin PBXFileReference section */
		D254BC571E37B1EC00212834 /* FilmFest.app */ = {isa = PBXFileReference; explicitFileType = wrapper.application; includeInIndex = 0; path = FilmFest.app; sourceTree = BUILT_PRODUCTS_DIR; };
		D254BC5A1E37B1EC00212834 /* AppDelegate.swift */ = {isa = PBXFileReference; lastKnownFileType = sourcecode.swift; path = AppDelegate.swift; sourceTree = "<group>"; };
		D254BC5C1E37B1EC00212834 /* ViewController.swift */ = {isa = PBXFileReference; lastKnownFileType = sourcecode.swift; path = ViewController.swift; sourceTree = "<group>"; };
		D254BC5F1E37B1EC00212834 /* Base */ = {isa = PBXFileReference; lastKnownFileType = file.storyboard; name = Base; path = Base.lproj/Main.storyboard; sourceTree = "<group>"; };
		D254BC611E37B1EC00212834 /* Assets.xcassets */ = {isa = PBXFileReference; lastKnownFileType = folder.assetcatalog; path = Assets.xcassets; sourceTree = "<group>"; };
		D254BC641E37B1EC00212834 /* Base */ = {isa = PBXFileReference; lastKnownFileType = file.storyboard; name = Base; path = Base.lproj/LaunchScreen.storyboard; sourceTree = "<group>"; };
		D254BC661E37B1EC00212834 /* Info.plist */ = {isa = PBXFileReference; lastKnownFileType = text.plist.xml; path = Info.plist; sourceTree = "<group>"; };
		D254BC6B1E37B1EC00212834 /* FilmFestTests.xctest */ = {isa = PBXFileReference; explicitFileType = wrapper.cfbundle; includeInIndex = 0; path = FilmFestTests.xctest; sourceTree = BUILT_PRODUCTS_DIR; };
		D254BC6F1E37B1EC00212834 /* FilmFestTests.swift */ = {isa = PBXFileReference; lastKnownFileType = sourcecode.swift; path = FilmFestTests.swift; sourceTree = "<group>"; };
		D254BC711E37B1EC00212834 /* Info.plist */ = {isa = PBXFileReference; lastKnownFileType = text.plist.xml; path = Info.plist; sourceTree = "<group>"; };
/* End PBXFileReference section */

/* Begin PBXFrameworksBuildPhase section */
		D254BC541E37B1EC00212834 /* Frameworks */ = {
			isa = PBXFrameworksBuildPhase;
			buildActionMask = 2147483647;
			files = (
			);
			runOnlyForDeploymentPostprocessing = 0;
		};
		D254BC681E37B1EC00212834 /* Frameworks */ = {
			isa = PBXFrameworksBuildPhase;
			buildActionMask = 2147483647;
			files = (
			);
			runOnlyForDeploymentPostprocessing = 0;
		};
/* End PBXFrameworksBuildPhase section */

/* Begin PBXGroup section */
		D254BC4E1E37B1EB00212834 = {
			isa = PBXGroup;
			children = (
				D254BC591E37B1EC00212834 /* FilmFest */,
				D254BC6E1E37B1EC00212834 /* FilmFestTests */,
				D254BC581E37B1EC00212834 /* Products */,
			);
			sourceTree = "<group>";
		};
		D254BC581E37B1EC00212834 /* Products */ = {
			isa = PBXGroup;
			children = (
				D254BC571E37B1EC00212834 /* FilmFest.app */,
				D254BC6B1E37B1EC00212834 /* FilmFestTests.xctest */,
			);
			name = Products;
			sourceTree = "<group>";
		};
		D254BC591E37B1EC00212834 /* FilmFest */ = {
			isa = PBXGroup;
			children = (
				D254BC5A1E37B1EC00212834 /* AppDelegate.swift */,
				D254BC5C1E37B1EC00212834 /* ViewController.swift */,
				D254BC5E1E37B1EC00212834 /* Main.storyboard */,
				D254BC611E37B1EC00212834 /* Assets.xcassets */,
				D254BC631E37B1EC00212834 /* LaunchScreen.storyboard */,
				D254BC661E37B1EC00212834 /* Info.plist */,
			);
			path = FilmFest;
			sourceTree = "<group>";
		};
		D254BC6E1E37B1EC00212834 /* FilmFestTests */ = {
			isa = PBXGroup;
			children = (
				D254BC6F1E37B1EC00212834 /* FilmFestTests.swift */,
				D254BC711E37B1EC00212834 /* Info.plist */,
			);
			path = FilmFestTests;
			sourceTree = "<group>";
		};
/* End PBXGroup section */

/* Begin PBXNativeTarget section */
		D254BC561E37B1EC00212834 /* FilmFest */ = {
			isa = PBXNativeTarget;
			buildConfigurationList = D254BC741E37B1EC00212834 /* Build configuration list for PBXNativeTarget "FilmFest" */;
			buildPhases = (
				D254BC531E37B1EC00212834 /* Sources */,
				D254BC541E37B1EC00212834 /* Frameworks */,
				D254BC551E37B1EC00212834 /* Resources */,
			);
			buildRules = (
			);
			dependencies = (
			);
			name = FilmFest;
			productName = FilmFest;
			productReference = D254BC571E37B1EC00212834 /* FilmFest.app */;
			productType = "com.apple.product-type.application";
		};
		D254BC6A1E37B1EC00212834 /* FilmFestTests */ = {
			isa = PBXNativeTarget;
			buildConfigurationList = D254BC771E37B1EC00212834 /* Build configuration list for PBXNativeTarget "FilmFestTests" */;
			buildPhases = (
				D254BC671E37B1EC00212834 /* Sources */,
				D254BC681E37B1EC00212834 /* Frameworks */,
				D254BC691E37B1EC00212834 /* Resources */,
			);
			buildRules = (
			);
			dependencies = (
				D254BC6D1E37B1EC00212834 /* PBXTargetDependency */,
			);
			name = FilmFestTests;
			productName = FilmFestTests;
			productReference = D254BC6B1E37B1EC00212834 /* FilmFestTests.xctest */;
			productType = "com.apple.product-type.bundle.unit-test";
		};
/* End PBXNativeTarget section */

/* Begin PBXProject section */
		D254BC4F1E37B1EB00212834 /* Project object */ = {
			isa = PBXProject;
			attributes = {
				LastSwiftUpdateCheck = 0820;
				LastUpgradeCheck = 0820;
				ORGANIZATIONNAME = "Kaizen Human";
				TargetAttributes = {
					D254BC561E37B1EC00212834 = {
						CreatedOnToolsVersion = 8.2.1;
						ProvisioningStyle = Automatic;
					};
					D254BC6A1E37B1EC00212834 = {
						CreatedOnToolsVersion = 8.2.1;
						ProvisioningStyle = Automatic;
						TestTargetID = D254BC561E37B1EC00212834;
					};
				};
			};
			buildConfigurationList = D254BC521E37B1EB00212834 /* Build configuration list for PBXProject "FilmFest" */;
			compatibilityVersion = "Xcode 3.2";
			developmentRegion = English;
			hasScannedForEncodings = 0;
			knownRegions = (
				en,
				Base,
			);
			mainGroup = D254BC4E1E37B1EB00212834;
			productRefGroup = D254BC581E37B1EC00212834 /* Products */;
			projectDirPath = "";
			projectRoot = "";
			targets = (
				D254BC561E37B1EC00212834 /* FilmFest */,
				D254BC6A1E37B1EC00212834 /* FilmFestTests */,
			);
		};
/* End PBXProject section */

/* Begin PBXResourcesBuildPhase section */
		D254BC551E37B1EC00212834 /* Resources */ = {
			isa = PBXResourcesBuildPhase;
			buildActionMask = 2147483647;
			files = (
				D254BC651E37B1EC00212834 /* LaunchScreen.storyboard in Resources */,
				D254BC621E37B1EC00212834 /* Assets.xcassets in Resources */,
				D254BC601E37B1EC00212834 /* Main.storyboard in Resources */,
			);
			runOnlyForDeploymentPostprocessing = 0;
		};
		D254BC691E37B1EC00212834 /* Resources */ = {
			isa = PBXResourcesBuildPhase;
			buildActionMask = 2147483647;
			files = (
			);
			runOnlyForDeploymentPostprocessing = 0;
		};
/* End PBXResourcesBuildPhase section */

/* Begin PBXSourcesBuildPhase section */
		D254BC531E37B1EC00212834 /* Sources */ = {
			isa = PBXSourcesBuildPhase;
			buildActionMask = 2147483647;
			files = (
				D254BC5D1E37B1EC00212834 /* ViewController.swift in Sources */,
				D254BC5B1E37B1EC00212834 /* AppDelegate.swift in Sources */,
			);
			runOnlyForDeploymentPostprocessing = 0;
		};
		D254BC671E37B1EC00212834 /* Sources */ = {
			isa = PBXSourcesBuildPhase;
			buildActionMask = 2147483647;
			files = (
				D254BC701E37B1EC00212834 /* FilmFestTests.swift in Sources */,
			);
			runOnlyForDeploymentPostprocessing = 0;
		};
/* End PBXSourcesBuildPhase section */

/* Begin PBXTargetDependency section */
		D254BC6D1E37B1EC00212834 /* PBXTargetDependency */ = {
			isa = PBXTargetDependency;
			target = D254BC561E37B1EC00212834 /* FilmFest */;
			targetProxy = D254BC6C1E37B1EC00212834 /* PBXContainerItemProxy */;
		};
/* End PBXTargetDependency section */

/* Begin PBXVariantGroup section */
		D254BC5E1E37B1EC00212834 /* Main.storyboard */ = {
			isa = PBXVariantGroup;
			children = (
				D254BC5F1E37B1EC00212834 /* Base */,
			);
			name = Main.storyboard;
			sourceTree = "<group>";
		};
		D254BC631E37B1EC00212834 /* LaunchScreen.storyboard */ = {
			isa = PBXVariantGroup;
			children = (
				D254BC641E37B1EC00212834 /* Base */,
			);
			name = LaunchScreen.storyboard;
			sourceTree = "<group>";
		};
/* End PBXVariantGroup section */

/* Begin XCBuildConfiguration section */
		D254BC721E37B1EC00212834 /* Debug */ = {
			isa = XCBuildConfiguration;
			buildSettings = {
				ALWAYS_SEARCH_USER_PATHS = NO;
				CLANG_ANALYZER_NONNULL = YES;
				CLANG_CXX_LANGUAGE_STANDARD = "gnu++0x";
				CLANG_CXX_LIBRARY = "libc++";
				CLANG_ENABLE_MODULES = YES;
				CLANG_ENABLE_OBJC_ARC = YES;
				CLANG_WARN_BOOL_CONVERSION = YES;
				CLANG_WARN_CONSTANT_CONVERSION = YES;
				CLANG_WARN_DIRECT_OBJC_ISA_USAGE = YES_ERROR;
				CLANG_WARN_DOCUMENTATION_COMMENTS = YES;
				CLANG_WARN_EMPTY_BODY = YES;
				CLANG_WARN_ENUM_CONVERSION = YES;
				CLANG_WARN_INFINITE_RECURSION = YES;
				CLANG_WARN_INT_CONVERSION = YES;
				CLANG_WARN_OBJC_ROOT_CLASS = YES_ERROR;
				CLANG_WARN_SUSPICIOUS_MOVE = YES;
				CLANG_WARN_UNREACHABLE_CODE = YES;
				CLANG_WARN__DUPLICATE_METHOD_MATCH = YES;
				"CODE_SIGN_IDENTITY[sdk=iphoneos*]" = "iPhone Developer";
				COPY_PHASE_STRIP = NO;
				DEBUG_INFORMATION_FORMAT = dwarf;
				ENABLE_STRICT_OBJC_MSGSEND = YES;
				ENABLE_TESTABILITY = YES;
				GCC_C_LANGUAGE_STANDARD = gnu99;
				GCC_DYNAMIC_NO_PIC = NO;
				GCC_NO_COMMON_BLOCKS = YES;
				GCC_OPTIMIZATION_LEVEL = 0;
				GCC_PREPROCESSOR_DEFINITIONS = (
					"DEBUG=1",
					"$(inherited)",
				);
				GCC_WARN_64_TO_32_BIT_CONVERSION = YES;
				GCC_WARN_ABOUT_RETURN_TYPE = YES_ERROR;
				GCC_WARN_UNDECLARED_SELECTOR = YES;
				GCC_WARN_UNINITIALIZED_AUTOS = YES_AGGRESSIVE;
				GCC_WARN_UNUSED_FUNCTION = YES;
				GCC_WARN_UNUSED_VARIABLE = YES;
				IPHONEOS_DEPLOYMENT_TARGET = 10.2;
				MTL_ENABLE_DEBUG_INFO = YES;
				ONLY_ACTIVE_ARCH = YES;
				SDKROOT = iphoneos;
				SWIFT_ACTIVE_COMPILATION_CONDITIONS = DEBUG;
				SWIFT_OPTIMIZATION_LEVEL = "-Onone";
			};
			name = Debug;
		};
		D254BC731E37B1EC00212834 /* Release */ = {
			isa = XCBuildConfiguration;
			buildSettings = {
				ALWAYS_SEARCH_USER_PATHS = NO;
				CLANG_ANALYZER_NONNULL = YES;
				CLANG_CXX_LANGUAGE_STANDARD = "gnu++0x";
				CLANG_CXX_LIBRARY = "libc++";
				CLANG_ENABLE_MODULES = YES;
				CLANG_ENABLE_OBJC_ARC = YES;
				CLANG_WARN_BOOL_CONVERSION = YES;
				CLANG_WARN_CONSTANT_CONVERSION = YES;
				CLANG_WARN_DIRECT_OBJC_ISA_USAGE = YES_ERROR;
				CLANG_WARN_DOCUMENTATION_COMMENTS = YES;
				CLANG_WARN_EMPTY_BODY = YES;
				CLANG_WARN_ENUM_CONVERSION = YES;
				CLANG_WARN_INFINITE_RECURSION = YES;
				CLANG_WARN_INT_CONVERSION = YES;
				CLANG_WARN_OBJC_ROOT_CLASS = YES_ERROR;
				CLANG_WARN_SUSPICIOUS_MOVE = YES;
				CLANG_WARN_UNREACHABLE_CODE = YES;
				CLANG_WARN__DUPLICATE_METHOD_MATCH = YES;
				"CODE_SIGN_IDENTITY[sdk=iphoneos*]" = "iPhone Developer";
				COPY_PHASE_STRIP = NO;
				DEBUG_INFORMATION_FORMAT = "dwarf-with-dsym";
				ENABLE_NS_ASSERTIONS = NO;
				ENABLE_STRICT_OBJC_MSGSEND = YES;
				GCC_C_LANGUAGE_STANDARD = gnu99;
				GCC_NO_COMMON_BLOCKS = YES;
				GCC_WARN_64_TO_32_BIT_CONVERSION = YES;
				GCC_WARN_ABOUT_RETURN_TYPE = YES_ERROR;
				GCC_WARN_UNDECLARED_SELECTOR = YES;
				GCC_WARN_UNINITIALIZED_AUTOS = YES_AGGRESSIVE;
				GCC_WARN_UNUSED_FUNCTION = YES;
				GCC_WARN_UNUSED_VARIABLE = YES;
				IPHONEOS_DEPLOYMENT_TARGET = 10.2;
				MTL_ENABLE_DEBUG_INFO = NO;
				SDKROOT = iphoneos;
				SWIFT_OPTIMIZATION_LEVEL = "-Owholemodule";
				VALIDATE_PRODUCT = YES;
			};
			name = Release;
		};
		D254BC751E37B1EC00212834 /* Debug */ = {
			isa = XCBuildConfiguration;
			buildSettings = {
				ASSETCATALOG_COMPILER_APPICON_NAME = AppIcon;
				INFOPLIST_FILE = FilmFest/Info.plist;
				LD_RUNPATH_SEARCH_PATHS = "$(inherited) @executable_path/Frameworks";
				PRODUCT_BUNDLE_IDENTIFIER = KH.FilmFest;
				PRODUCT_NAME = "$(TARGET_NAME)";
				SWIFT_VERSION = 3.0;
			};
			name = Debug;
		};
		D254BC761E37B1EC00212834 /* Release */ = {
			isa = XCBuildConfiguration;
			buildSettings = {
				ASSETCATALOG_COMPILER_APPICON_NAME = AppIcon;
				INFOPLIST_FILE = FilmFest/Info.plist;
				LD_RUNPATH_SEARCH_PATHS = "$(inherited) @executable_path/Frameworks";
				PRODUCT_BUNDLE_IDENTIFIER = KH.FilmFest;
				PRODUCT_NAME = "$(TARGET_NAME)";
				SWIFT_VERSION = 3.0;
			};
			name = Release;
		};
		D254BC781E37B1EC00212834 /* Debug */ = {
			isa = XCBuildConfiguration;
			buildSettings = {
				ALWAYS_EMBED_SWIFT_STANDARD_LIBRARIES = YES;
				BUNDLE_LOADER = "$(TEST_HOST)";
				INFOPLIST_FILE = FilmFestTests/Info.plist;
				LD_RUNPATH_SEARCH_PATHS = "$(inherited) @executable_path/Frameworks @loader_path/Frameworks";
				PRODUCT_BUNDLE_IDENTIFIER = KH.FilmFestTests;
				PRODUCT_NAME = "$(TARGET_NAME)";
				SWIFT_VERSION = 3.0;
				TEST_HOST = "$(BUILT_PRODUCTS_DIR)/FilmFest.app/FilmFest";
			};
			name = Debug;
		};
		D254BC791E37B1EC00212834 /* Release */ = {
			isa = XCBuildConfiguration;
			buildSettings = {
				ALWAYS_EMBED_SWIFT_STANDARD_LIBRARIES = YES;
				BUNDLE_LOADER = "$(TEST_HOST)";
				INFOPLIST_FILE = FilmFestTests/Info.plist;
				LD_RUNPATH_SEARCH_PATHS = "$(inherited) @executable_path/Frameworks @loader_path/Frameworks";
				PRODUCT_BUNDLE_IDENTIFIER = KH.FilmFestTests;
				PRODUCT_NAME = "$(TARGET_NAME)";
				SWIFT_VERSION = 3.0;
				TEST_HOST = "$(BUILT_PRODUCTS_DIR)/FilmFest.app/FilmFest";
			};
			name = Release;
		};
/* End XCBuildConfiguration section */

/* Begin XCConfigurationList section */
		D254BC521E37B1EB00212834 /* Build configuration list for PBXProject "FilmFest" */ = {
			isa = XCConfigurationList;
			buildConfigurations = (
				D254BC721E37B1EC00212834 /* Debug */,
				D254BC731E37B1EC00212834 /* Release */,
			);
			defaultConfigurationIsVisible = 0;
			defaultConfigurationName = Release;
		};
		D254BC741E37B1EC00212834 /* Build configuration list for PBXNativeTarget "FilmFest" */ = {
			isa = XCConfigurationList;
			buildConfigurations = (
				D254BC751E37B1EC00212834 /* Debug */,
				D254BC761E37B1EC00212834 /* Release */,
			);
			defaultConfigurationIsVisible = 0;
		};
		D254BC771E37B1EC00212834 /* Build configuration list for PBXNativeTarget "FilmFestTests" */ = {
			isa = XCConfigurationList;
			buildConfigurations = (
				D254BC781E37B1EC00212834 /* Debug */,
				D254BC791E37B1EC00212834 /* Release */,
			);
			defaultConfigurationIsVisible = 0;
		};
/* End XCConfigurationList section */
	};
	rootObject = D254BC4F1E37B1EB00212834 /* Project object */;
}
